// !$*UTF8*$!
{
	archiveVersion = 1;
	classes = {
	};
	objectVersion = 50;
	objects = {

/* Begin PBXBuildFile section */
		C20B827324F2945100D5967B /* ButtonFormView.swift in Sources */ = {isa = PBXBuildFile; fileRef = C20B827224F2945100D5967B /* ButtonFormView.swift */; };
		C20B827524F29C2000D5967B /* UIStackView + Extension.swift in Sources */ = {isa = PBXBuildFile; fileRef = C20B827424F29C2000D5967B /* UIStackView + Extension.swift */; };
		C21535D424F4290000B3A262 /* ListViewController.swift in Sources */ = {isa = PBXBuildFile; fileRef = C21535D324F4290000B3A262 /* ListViewController.swift */; };
		C21535D624F4290C00B3A262 /* PeopleViewController.swift in Sources */ = {isa = PBXBuildFile; fileRef = C21535D524F4290B00B3A262 /* PeopleViewController.swift */; };
		C21535D824F4291800B3A262 /* MainTabBarController.swift in Sources */ = {isa = PBXBuildFile; fileRef = C21535D724F4291800B3A262 /* MainTabBarController.swift */; };
		C22AFECB24F2F1F500D30CC3 /* LoginViewController.swift in Sources */ = {isa = PBXBuildFile; fileRef = C22AFECA24F2F1F500D30CC3 /* LoginViewController.swift */; };
		C236ED7A24F0392B00FC7C41 /* AppDelegate.swift in Sources */ = {isa = PBXBuildFile; fileRef = C236ED7924F0392B00FC7C41 /* AppDelegate.swift */; };
		C236ED7C24F0392B00FC7C41 /* SceneDelegate.swift in Sources */ = {isa = PBXBuildFile; fileRef = C236ED7B24F0392B00FC7C41 /* SceneDelegate.swift */; };
		C236ED7E24F0392B00FC7C41 /* AuthViewController.swift in Sources */ = {isa = PBXBuildFile; fileRef = C236ED7D24F0392B00FC7C41 /* AuthViewController.swift */; };
		C236ED8324F0392C00FC7C41 /* Assets.xcassets in Resources */ = {isa = PBXBuildFile; fileRef = C236ED8224F0392C00FC7C41 /* Assets.xcassets */; };
		C236ED8624F0392C00FC7C41 /* LaunchScreen.storyboard in Resources */ = {isa = PBXBuildFile; fileRef = C236ED8424F0392C00FC7C41 /* LaunchScreen.storyboard */; };
		C2589CCB24F2B4BE00ED3A5C /* SignUpViewController.swift in Sources */ = {isa = PBXBuildFile; fileRef = C2589CCA24F2B4BE00ED3A5C /* SignUpViewController.swift */; };
		C263B47824F3EB7E00E22835 /* SetupProfileViewController.swift in Sources */ = {isa = PBXBuildFile; fileRef = C263B47724F3EB7E00E22835 /* SetupProfileViewController.swift */; };
		C263B47A24F3EC2400E22835 /* AddPhotoView.swift in Sources */ = {isa = PBXBuildFile; fileRef = C263B47924F3EC2400E22835 /* AddPhotoView.swift */; };
		C299A11024F2B7D30042A502 /* OneLineTextField.swift in Sources */ = {isa = PBXBuildFile; fileRef = C299A10F24F2B7D30042A502 /* OneLineTextField.swift */; };
		C2A1DC1C24F3FBCE00E697AD /* SegmentedControl + Extension.swift in Sources */ = {isa = PBXBuildFile; fileRef = C2A1DC1B24F3FBCE00E697AD /* SegmentedControl + Extension.swift */; };
		C2A250D324F280BB00231064 /* UIButton + Extension.swift in Sources */ = {isa = PBXBuildFile; fileRef = C2A250D224F280BB00231064 /* UIButton + Extension.swift */; };
		C2A250D524F2843900231064 /* UIFont + Extension.swift in Sources */ = {isa = PBXBuildFile; fileRef = C2A250D424F2843900231064 /* UIFont + Extension.swift */; };
		C2A250D724F285E400231064 /* UIColor + Extension.swift in Sources */ = {isa = PBXBuildFile; fileRef = C2A250D624F285E400231064 /* UIColor + Extension.swift */; };
		C2A250D924F2893400231064 /* UILabel + Extension.swift in Sources */ = {isa = PBXBuildFile; fileRef = C2A250D824F2893400231064 /* UILabel + Extension.swift */; };
		C2A250DB24F28A4E00231064 /* UIImageView + Extension.swift in Sources */ = {isa = PBXBuildFile; fileRef = C2A250DA24F28A4E00231064 /* UIImageView + Extension.swift */; };
/* End PBXBuildFile section */

/* Begin PBXFileReference section */
		C20B827224F2945100D5967B /* ButtonFormView.swift */ = {isa = PBXFileReference; lastKnownFileType = sourcecode.swift; path = ButtonFormView.swift; sourceTree = "<group>"; };
		C20B827424F29C2000D5967B /* UIStackView + Extension.swift */ = {isa = PBXFileReference; lastKnownFileType = sourcecode.swift; path = "UIStackView + Extension.swift"; sourceTree = "<group>"; };
		C21535D324F4290000B3A262 /* ListViewController.swift */ = {isa = PBXFileReference; lastKnownFileType = sourcecode.swift; path = ListViewController.swift; sourceTree = "<group>"; };
		C21535D524F4290B00B3A262 /* PeopleViewController.swift */ = {isa = PBXFileReference; lastKnownFileType = sourcecode.swift; path = PeopleViewController.swift; sourceTree = "<group>"; };
		C21535D724F4291800B3A262 /* MainTabBarController.swift */ = {isa = PBXFileReference; lastKnownFileType = sourcecode.swift; path = MainTabBarController.swift; sourceTree = "<group>"; };
		C22AFECA24F2F1F500D30CC3 /* LoginViewController.swift */ = {isa = PBXFileReference; lastKnownFileType = sourcecode.swift; path = LoginViewController.swift; sourceTree = "<group>"; };
		C236ED7624F0392B00FC7C41 /* iLetter.app */ = {isa = PBXFileReference; explicitFileType = wrapper.application; includeInIndex = 0; path = iLetter.app; sourceTree = BUILT_PRODUCTS_DIR; };
		C236ED7924F0392B00FC7C41 /* AppDelegate.swift */ = {isa = PBXFileReference; lastKnownFileType = sourcecode.swift; path = AppDelegate.swift; sourceTree = "<group>"; };
		C236ED7B24F0392B00FC7C41 /* SceneDelegate.swift */ = {isa = PBXFileReference; lastKnownFileType = sourcecode.swift; path = SceneDelegate.swift; sourceTree = "<group>"; };
		C236ED7D24F0392B00FC7C41 /* AuthViewController.swift */ = {isa = PBXFileReference; lastKnownFileType = sourcecode.swift; path = AuthViewController.swift; sourceTree = "<group>"; };
		C236ED8224F0392C00FC7C41 /* Assets.xcassets */ = {isa = PBXFileReference; lastKnownFileType = folder.assetcatalog; path = Assets.xcassets; sourceTree = "<group>"; };
		C236ED8524F0392C00FC7C41 /* Base */ = {isa = PBXFileReference; lastKnownFileType = file.storyboard; name = Base; path = Base.lproj/LaunchScreen.storyboard; sourceTree = "<group>"; };
		C236ED8724F0392C00FC7C41 /* Info.plist */ = {isa = PBXFileReference; lastKnownFileType = text.plist.xml; path = Info.plist; sourceTree = "<group>"; };
		C2589CCA24F2B4BE00ED3A5C /* SignUpViewController.swift */ = {isa = PBXFileReference; lastKnownFileType = sourcecode.swift; path = SignUpViewController.swift; sourceTree = "<group>"; };
		C263B47724F3EB7E00E22835 /* SetupProfileViewController.swift */ = {isa = PBXFileReference; lastKnownFileType = sourcecode.swift; path = SetupProfileViewController.swift; sourceTree = "<group>"; };
		C263B47924F3EC2400E22835 /* AddPhotoView.swift */ = {isa = PBXFileReference; lastKnownFileType = sourcecode.swift; path = AddPhotoView.swift; sourceTree = "<group>"; };
		C299A10F24F2B7D30042A502 /* OneLineTextField.swift */ = {isa = PBXFileReference; lastKnownFileType = sourcecode.swift; path = OneLineTextField.swift; sourceTree = "<group>"; };
		C2A1DC1B24F3FBCE00E697AD /* SegmentedControl + Extension.swift */ = {isa = PBXFileReference; lastKnownFileType = sourcecode.swift; path = "SegmentedControl + Extension.swift"; sourceTree = "<group>"; };
		C2A250D224F280BB00231064 /* UIButton + Extension.swift */ = {isa = PBXFileReference; lastKnownFileType = sourcecode.swift; path = "UIButton + Extension.swift"; sourceTree = "<group>"; };
		C2A250D424F2843900231064 /* UIFont + Extension.swift */ = {isa = PBXFileReference; lastKnownFileType = sourcecode.swift; path = "UIFont + Extension.swift"; sourceTree = "<group>"; };
		C2A250D624F285E400231064 /* UIColor + Extension.swift */ = {isa = PBXFileReference; lastKnownFileType = sourcecode.swift; path = "UIColor + Extension.swift"; sourceTree = "<group>"; };
		C2A250D824F2893400231064 /* UILabel + Extension.swift */ = {isa = PBXFileReference; lastKnownFileType = sourcecode.swift; path = "UILabel + Extension.swift"; sourceTree = "<group>"; };
		C2A250DA24F28A4E00231064 /* UIImageView + Extension.swift */ = {isa = PBXFileReference; lastKnownFileType = sourcecode.swift; path = "UIImageView + Extension.swift"; sourceTree = "<group>"; };
/* End PBXFileReference section */

/* Begin PBXFrameworksBuildPhase section */
		C236ED7324F0392B00FC7C41 /* Frameworks */ = {
			isa = PBXFrameworksBuildPhase;
			buildActionMask = 2147483647;
			files = (
			);
			runOnlyForDeploymentPostprocessing = 0;
		};
/* End PBXFrameworksBuildPhase section */

/* Begin PBXGroup section */
		C21535D224F428AD00B3A262 /* Sign in & Auth */ = {
			isa = PBXGroup;
			children = (
				C236ED7D24F0392B00FC7C41 /* AuthViewController.swift */,
				C2589CCA24F2B4BE00ED3A5C /* SignUpViewController.swift */,
				C22AFECA24F2F1F500D30CC3 /* LoginViewController.swift */,
				C263B47724F3EB7E00E22835 /* SetupProfileViewController.swift */,
			);
			path = "Sign in & Auth";
			sourceTree = "<group>";
		};
		C21535D924F42E2C00B3A262 /* Controllers */ = {
			isa = PBXGroup;
			children = (
				C21535D724F4291800B3A262 /* MainTabBarController.swift */,
				C21535D324F4290000B3A262 /* ListViewController.swift */,
				C21535D524F4290B00B3A262 /* PeopleViewController.swift */,
			);
			path = Controllers;
			sourceTree = "<group>";
		};
		C236ED6D24F0392B00FC7C41 = {
			isa = PBXGroup;
			children = (
				C236ED7824F0392B00FC7C41 /* iLetter */,
				C236ED7724F0392B00FC7C41 /* Products */,
			);
			sourceTree = "<group>";
		};
		C236ED7724F0392B00FC7C41 /* Products */ = {
			isa = PBXGroup;
			children = (
				C236ED7624F0392B00FC7C41 /* iLetter.app */,
			);
			name = Products;
			sourceTree = "<group>";
		};
		C236ED7824F0392B00FC7C41 /* iLetter */ = {
			isa = PBXGroup;
			children = (
				C236ED7924F0392B00FC7C41 /* AppDelegate.swift */,
				C236ED7B24F0392B00FC7C41 /* SceneDelegate.swift */,
				C236ED8424F0392C00FC7C41 /* LaunchScreen.storyboard */,
				C21535D924F42E2C00B3A262 /* Controllers */,
				C21535D224F428AD00B3A262 /* Sign in & Auth */,
				C2A250DE24F28C7800231064 /* Extensions */,
				C2A250DD24F28C3100231064 /* Supporting files */,
			);
			path = iLetter;
			sourceTree = "<group>";
		};
		C2A250DC24F28BC600231064 /* UIKit */ = {
			isa = PBXGroup;
			children = (
				C2A250D224F280BB00231064 /* UIButton + Extension.swift */,
				C2A250DA24F28A4E00231064 /* UIImageView + Extension.swift */,
				C2A250D824F2893400231064 /* UILabel + Extension.swift */,
				C2A250D424F2843900231064 /* UIFont + Extension.swift */,
				C2A250D624F285E400231064 /* UIColor + Extension.swift */,
				C20B827424F29C2000D5967B /* UIStackView + Extension.swift */,
				C2A1DC1B24F3FBCE00E697AD /* SegmentedControl + Extension.swift */,
			);
			path = UIKit;
			sourceTree = "<group>";
		};
		C2A250DD24F28C3100231064 /* Supporting files */ = {
			isa = PBXGroup;
			children = (
				C236ED8224F0392C00FC7C41 /* Assets.xcassets */,
				C236ED8724F0392C00FC7C41 /* Info.plist */,
			);
			path = "Supporting files";
			sourceTree = "<group>";
		};
		C2A250DE24F28C7800231064 /* Extensions */ = {
			isa = PBXGroup;
			children = (
				C263B47924F3EC2400E22835 /* AddPhotoView.swift */,
				C20B827224F2945100D5967B /* ButtonFormView.swift */,
				C299A10F24F2B7D30042A502 /* OneLineTextField.swift */,
				C2A250DC24F28BC600231064 /* UIKit */,
			);
			path = Extensions;
			sourceTree = "<group>";
		};
/* End PBXGroup section */

/* Begin PBXNativeTarget section */
		C236ED7524F0392B00FC7C41 /* iLetter */ = {
			isa = PBXNativeTarget;
			buildConfigurationList = C236ED8A24F0392C00FC7C41 /* Build configuration list for PBXNativeTarget "iLetter" */;
			buildPhases = (
				C236ED7224F0392B00FC7C41 /* Sources */,
				C236ED7324F0392B00FC7C41 /* Frameworks */,
				C236ED7424F0392B00FC7C41 /* Resources */,
			);
			buildRules = (
			);
			dependencies = (
			);
			name = iLetter;
			productName = iLetter;
			productReference = C236ED7624F0392B00FC7C41 /* iLetter.app */;
			productType = "com.apple.product-type.application";
		};
/* End PBXNativeTarget section */

/* Begin PBXProject section */
		C236ED6E24F0392B00FC7C41 /* Project object */ = {
			isa = PBXProject;
			attributes = {
				LastSwiftUpdateCheck = 1130;
				LastUpgradeCheck = 1130;
				ORGANIZATIONNAME = "Дарья";
				TargetAttributes = {
					C236ED7524F0392B00FC7C41 = {
						CreatedOnToolsVersion = 11.3.1;
					};
				};
			};
			buildConfigurationList = C236ED7124F0392B00FC7C41 /* Build configuration list for PBXProject "iLetter" */;
			compatibilityVersion = "Xcode 9.3";
			developmentRegion = en;
			hasScannedForEncodings = 0;
			knownRegions = (
				en,
				Base,
			);
			mainGroup = C236ED6D24F0392B00FC7C41;
			productRefGroup = C236ED7724F0392B00FC7C41 /* Products */;
			projectDirPath = "";
			projectRoot = "";
			targets = (
				C236ED7524F0392B00FC7C41 /* iLetter */,
			);
		};
/* End PBXProject section */

/* Begin PBXResourcesBuildPhase section */
		C236ED7424F0392B00FC7C41 /* Resources */ = {
			isa = PBXResourcesBuildPhase;
			buildActionMask = 2147483647;
			files = (
				C236ED8624F0392C00FC7C41 /* LaunchScreen.storyboard in Resources */,
				C236ED8324F0392C00FC7C41 /* Assets.xcassets in Resources */,
			);
			runOnlyForDeploymentPostprocessing = 0;
		};
/* End PBXResourcesBuildPhase section */

/* Begin PBXSourcesBuildPhase section */
		C236ED7224F0392B00FC7C41 /* Sources */ = {
			isa = PBXSourcesBuildPhase;
			buildActionMask = 2147483647;
			files = (
				C21535D424F4290000B3A262 /* ListViewController.swift in Sources */,
				C299A11024F2B7D30042A502 /* OneLineTextField.swift in Sources */,
				C2589CCB24F2B4BE00ED3A5C /* SignUpViewController.swift in Sources */,
				C236ED7E24F0392B00FC7C41 /* AuthViewController.swift in Sources */,
				C236ED7A24F0392B00FC7C41 /* AppDelegate.swift in Sources */,
				C21535D624F4290C00B3A262 /* PeopleViewController.swift in Sources */,
				C263B47824F3EB7E00E22835 /* SetupProfileViewController.swift in Sources */,
				C236ED7C24F0392B00FC7C41 /* SceneDelegate.swift in Sources */,
				C21535D824F4291800B3A262 /* MainTabBarController.swift in Sources */,
				C20B827524F29C2000D5967B /* UIStackView + Extension.swift in Sources */,
				C20B827324F2945100D5967B /* ButtonFormView.swift in Sources */,
				C2A250D924F2893400231064 /* UILabel + Extension.swift in Sources */,
				C2A250DB24F28A4E00231064 /* UIImageView + Extension.swift in Sources */,
				C2A1DC1C24F3FBCE00E697AD /* SegmentedControl + Extension.swift in Sources */,
				C2A250D724F285E400231064 /* UIColor + Extension.swift in Sources */,
				C2A250D524F2843900231064 /* UIFont + Extension.swift in Sources */,
				C263B47A24F3EC2400E22835 /* AddPhotoView.swift in Sources */,
				C22AFECB24F2F1F500D30CC3 /* LoginViewController.swift in Sources */,
				C2A250D324F280BB00231064 /* UIButton + Extension.swift in Sources */,
			);
			runOnlyForDeploymentPostprocessing = 0;
		};
/* End PBXSourcesBuildPhase section */

/* Begin PBXVariantGroup section */
		C236ED8424F0392C00FC7C41 /* LaunchScreen.storyboard */ = {
			isa = PBXVariantGroup;
			children = (
				C236ED8524F0392C00FC7C41 /* Base */,
			);
			name = LaunchScreen.storyboard;
			sourceTree = "<group>";
		};
/* End PBXVariantGroup section */

/* Begin XCBuildConfiguration section */
		C236ED8824F0392C00FC7C41 /* Debug */ = {
			isa = XCBuildConfiguration;
			buildSettings = {
				ALWAYS_SEARCH_USER_PATHS = NO;
				CLANG_ANALYZER_NONNULL = YES;
				CLANG_ANALYZER_NUMBER_OBJECT_CONVERSION = YES_AGGRESSIVE;
				CLANG_CXX_LANGUAGE_STANDARD = "gnu++14";
				CLANG_CXX_LIBRARY = "libc++";
				CLANG_ENABLE_MODULES = YES;
				CLANG_ENABLE_OBJC_ARC = YES;
				CLANG_ENABLE_OBJC_WEAK = YES;
				CLANG_WARN_BLOCK_CAPTURE_AUTORELEASING = YES;
				CLANG_WARN_BOOL_CONVERSION = YES;
				CLANG_WARN_COMMA = YES;
				CLANG_WARN_CONSTANT_CONVERSION = YES;
				CLANG_WARN_DEPRECATED_OBJC_IMPLEMENTATIONS = YES;
				CLANG_WARN_DIRECT_OBJC_ISA_USAGE = YES_ERROR;
				CLANG_WARN_DOCUMENTATION_COMMENTS = YES;
				CLANG_WARN_EMPTY_BODY = YES;
				CLANG_WARN_ENUM_CONVERSION = YES;
				CLANG_WARN_INFINITE_RECURSION = YES;
				CLANG_WARN_INT_CONVERSION = YES;
				CLANG_WARN_NON_LITERAL_NULL_CONVERSION = YES;
				CLANG_WARN_OBJC_IMPLICIT_RETAIN_SELF = YES;
				CLANG_WARN_OBJC_LITERAL_CONVERSION = YES;
				CLANG_WARN_OBJC_ROOT_CLASS = YES_ERROR;
				CLANG_WARN_RANGE_LOOP_ANALYSIS = YES;
				CLANG_WARN_STRICT_PROTOTYPES = YES;
				CLANG_WARN_SUSPICIOUS_MOVE = YES;
				CLANG_WARN_UNGUARDED_AVAILABILITY = YES_AGGRESSIVE;
				CLANG_WARN_UNREACHABLE_CODE = YES;
				CLANG_WARN__DUPLICATE_METHOD_MATCH = YES;
				COPY_PHASE_STRIP = NO;
				DEBUG_INFORMATION_FORMAT = dwarf;
				ENABLE_STRICT_OBJC_MSGSEND = YES;
				ENABLE_TESTABILITY = YES;
				GCC_C_LANGUAGE_STANDARD = gnu11;
				GCC_DYNAMIC_NO_PIC = NO;
				GCC_NO_COMMON_BLOCKS = YES;
				GCC_OPTIMIZATION_LEVEL = 0;
				GCC_PREPROCESSOR_DEFINITIONS = (
					"DEBUG=1",
					"$(inherited)",
				);
				GCC_WARN_64_TO_32_BIT_CONVERSION = YES;
				GCC_WARN_ABOUT_RETURN_TYPE = YES_ERROR;
				GCC_WARN_UNDECLARED_SELECTOR = YES;
				GCC_WARN_UNINITIALIZED_AUTOS = YES_AGGRESSIVE;
				GCC_WARN_UNUSED_FUNCTION = YES;
				GCC_WARN_UNUSED_VARIABLE = YES;
				IPHONEOS_DEPLOYMENT_TARGET = 13.2;
				MTL_ENABLE_DEBUG_INFO = INCLUDE_SOURCE;
				MTL_FAST_MATH = YES;
				ONLY_ACTIVE_ARCH = YES;
				SDKROOT = iphoneos;
				SWIFT_ACTIVE_COMPILATION_CONDITIONS = DEBUG;
				SWIFT_OPTIMIZATION_LEVEL = "-Onone";
			};
			name = Debug;
		};
		C236ED8924F0392C00FC7C41 /* Release */ = {
			isa = XCBuildConfiguration;
			buildSettings = {
				ALWAYS_SEARCH_USER_PATHS = NO;
				CLANG_ANALYZER_NONNULL = YES;
				CLANG_ANALYZER_NUMBER_OBJECT_CONVERSION = YES_AGGRESSIVE;
				CLANG_CXX_LANGUAGE_STANDARD = "gnu++14";
				CLANG_CXX_LIBRARY = "libc++";
				CLANG_ENABLE_MODULES = YES;
				CLANG_ENABLE_OBJC_ARC = YES;
				CLANG_ENABLE_OBJC_WEAK = YES;
				CLANG_WARN_BLOCK_CAPTURE_AUTORELEASING = YES;
				CLANG_WARN_BOOL_CONVERSION = YES;
				CLANG_WARN_COMMA = YES;
				CLANG_WARN_CONSTANT_CONVERSION = YES;
				CLANG_WARN_DEPRECATED_OBJC_IMPLEMENTATIONS = YES;
				CLANG_WARN_DIRECT_OBJC_ISA_USAGE = YES_ERROR;
				CLANG_WARN_DOCUMENTATION_COMMENTS = YES;
				CLANG_WARN_EMPTY_BODY = YES;
				CLANG_WARN_ENUM_CONVERSION = YES;
				CLANG_WARN_INFINITE_RECURSION = YES;
				CLANG_WARN_INT_CONVERSION = YES;
				CLANG_WARN_NON_LITERAL_NULL_CONVERSION = YES;
				CLANG_WARN_OBJC_IMPLICIT_RETAIN_SELF = YES;
				CLANG_WARN_OBJC_LITERAL_CONVERSION = YES;
				CLANG_WARN_OBJC_ROOT_CLASS = YES_ERROR;
				CLANG_WARN_RANGE_LOOP_ANALYSIS = YES;
				CLANG_WARN_STRICT_PROTOTYPES = YES;
				CLANG_WARN_SUSPICIOUS_MOVE = YES;
				CLANG_WARN_UNGUARDED_AVAILABILITY = YES_AGGRESSIVE;
				CLANG_WARN_UNREACHABLE_CODE = YES;
				CLANG_WARN__DUPLICATE_METHOD_MATCH = YES;
				COPY_PHASE_STRIP = NO;
				DEBUG_INFORMATION_FORMAT = "dwarf-with-dsym";
				ENABLE_NS_ASSERTIONS = NO;
				ENABLE_STRICT_OBJC_MSGSEND = YES;
				GCC_C_LANGUAGE_STANDARD = gnu11;
				GCC_NO_COMMON_BLOCKS = YES;
				GCC_WARN_64_TO_32_BIT_CONVERSION = YES;
				GCC_WARN_ABOUT_RETURN_TYPE = YES_ERROR;
				GCC_WARN_UNDECLARED_SELECTOR = YES;
				GCC_WARN_UNINITIALIZED_AUTOS = YES_AGGRESSIVE;
				GCC_WARN_UNUSED_FUNCTION = YES;
				GCC_WARN_UNUSED_VARIABLE = YES;
				IPHONEOS_DEPLOYMENT_TARGET = 13.2;
				MTL_ENABLE_DEBUG_INFO = NO;
				MTL_FAST_MATH = YES;
				SDKROOT = iphoneos;
				SWIFT_COMPILATION_MODE = wholemodule;
				SWIFT_OPTIMIZATION_LEVEL = "-O";
				VALIDATE_PRODUCT = YES;
			};
			name = Release;
		};
		C236ED8B24F0392C00FC7C41 /* Debug */ = {
			isa = XCBuildConfiguration;
			buildSettings = {
				ASSETCATALOG_COMPILER_APPICON_NAME = AppIcon;
				CODE_SIGN_STYLE = Automatic;
				DEVELOPMENT_TEAM = R367V6SP7Z;
				INFOPLIST_FILE = "$(SRCROOT)/iLetter/Supporting files/Info.plist";
				LD_RUNPATH_SEARCH_PATHS = (
					"$(inherited)",
					"@executable_path/Frameworks",
				);
				PRODUCT_BUNDLE_IDENTIFIER = novembrz.iLetter;
				PRODUCT_NAME = "$(TARGET_NAME)";
				SWIFT_VERSION = 5.0;
				TARGETED_DEVICE_FAMILY = "1,2";
			};
			name = Debug;
		};
		C236ED8C24F0392C00FC7C41 /* Release */ = {
			isa = XCBuildConfiguration;
			buildSettings = {
				ASSETCATALOG_COMPILER_APPICON_NAME = AppIcon;
				CODE_SIGN_STYLE = Automatic;
				DEVELOPMENT_TEAM = R367V6SP7Z;
				INFOPLIST_FILE = "$(SRCROOT)/iLetter/Supporting files/Info.plist";
				LD_RUNPATH_SEARCH_PATHS = (
					"$(inherited)",
					"@executable_path/Frameworks",
				);
				PRODUCT_BUNDLE_IDENTIFIER = novembrz.iLetter;
				PRODUCT_NAME = "$(TARGET_NAME)";
				SWIFT_VERSION = 5.0;
				TARGETED_DEVICE_FAMILY = "1,2";
			};
			name = Release;
		};
/* End XCBuildConfiguration section */

/* Begin XCConfigurationList section */
		C236ED7124F0392B00FC7C41 /* Build configuration list for PBXProject "iLetter" */ = {
			isa = XCConfigurationList;
			buildConfigurations = (
				C236ED8824F0392C00FC7C41 /* Debug */,
				C236ED8924F0392C00FC7C41 /* Release */,
			);
			defaultConfigurationIsVisible = 0;
			defaultConfigurationName = Release;
		};
		C236ED8A24F0392C00FC7C41 /* Build configuration list for PBXNativeTarget "iLetter" */ = {
			isa = XCConfigurationList;
			buildConfigurations = (
				C236ED8B24F0392C00FC7C41 /* Debug */,
				C236ED8C24F0392C00FC7C41 /* Release */,
			);
			defaultConfigurationIsVisible = 0;
			defaultConfigurationName = Release;
		};
/* End XCConfigurationList section */
	};
	rootObject = C236ED6E24F0392B00FC7C41 /* Project object */;
}
