// !$*UTF8*$!
{
	archiveVersion = 1;
	classes = {
	};
	objectVersion = 50;
	objects = {

/* Begin PBXBuildFile section */
		2BF9BBA8A329E9B501A94826 /* Pods_iLetter.framework in Frameworks */ = {isa = PBXBuildFile; fileRef = 63D691F9B1D6F3E01EF81638 /* Pods_iLetter.framework */; };
		C20B827324F2945100D5967B /* ButtonFormView.swift in Sources */ = {isa = PBXBuildFile; fileRef = C20B827224F2945100D5967B /* ButtonFormView.swift */; };
		C20B827524F29C2000D5967B /* UIStackView + Extension.swift in Sources */ = {isa = PBXBuildFile; fileRef = C20B827424F29C2000D5967B /* UIStackView + Extension.swift */; };
		C215324325029D01005DE306 /* AuthNavigatingDelegate.swift in Sources */ = {isa = PBXBuildFile; fileRef = C215324225029D01005DE306 /* AuthNavigatingDelegate.swift */; };
		C21535D424F4290000B3A262 /* ListViewController.swift in Sources */ = {isa = PBXBuildFile; fileRef = C21535D324F4290000B3A262 /* ListViewController.swift */; };
		C21535D624F4290C00B3A262 /* PeopleViewController.swift in Sources */ = {isa = PBXBuildFile; fileRef = C21535D524F4290B00B3A262 /* PeopleViewController.swift */; };
		C21535D824F4291800B3A262 /* MainTabBarController.swift in Sources */ = {isa = PBXBuildFile; fileRef = C21535D724F4291800B3A262 /* MainTabBarController.swift */; };
		C22AFECB24F2F1F500D30CC3 /* LoginViewController.swift in Sources */ = {isa = PBXBuildFile; fileRef = C22AFECA24F2F1F500D30CC3 /* LoginViewController.swift */; };
		C22CA3972502745700D890A8 /* AuthService.swift in Sources */ = {isa = PBXBuildFile; fileRef = C22CA3962502745700D890A8 /* AuthService.swift */; };
		C22CA39B2502883B00D890A8 /* Validators.swift in Sources */ = {isa = PBXBuildFile; fileRef = C22CA39A2502883B00D890A8 /* Validators.swift */; };
		C22CA39D2502890900D890A8 /* AuthError.swift in Sources */ = {isa = PBXBuildFile; fileRef = C22CA39C2502890900D890A8 /* AuthError.swift */; };
		C236ED7A24F0392B00FC7C41 /* AppDelegate.swift in Sources */ = {isa = PBXBuildFile; fileRef = C236ED7924F0392B00FC7C41 /* AppDelegate.swift */; };
		C236ED7C24F0392B00FC7C41 /* SceneDelegate.swift in Sources */ = {isa = PBXBuildFile; fileRef = C236ED7B24F0392B00FC7C41 /* SceneDelegate.swift */; };
		C236ED8324F0392C00FC7C41 /* Assets.xcassets in Resources */ = {isa = PBXBuildFile; fileRef = C236ED8224F0392C00FC7C41 /* Assets.xcassets */; };
		C236ED8624F0392C00FC7C41 /* LaunchScreen.storyboard in Resources */ = {isa = PBXBuildFile; fileRef = C236ED8424F0392C00FC7C41 /* LaunchScreen.storyboard */; };
		C2388AB625023AF900952DBC /* ChatRequestViewController.swift in Sources */ = {isa = PBXBuildFile; fileRef = C2388AB525023AF900952DBC /* ChatRequestViewController.swift */; };
		C23B142624F9445900C03635 /* activeChats.json in Resources */ = {isa = PBXBuildFile; fileRef = C23B142524F9445900C03635 /* activeChats.json */; };
		C23B142824F9446200C03635 /* waitingChats.json in Resources */ = {isa = PBXBuildFile; fileRef = C23B142724F9446200C03635 /* waitingChats.json */; };
		C23B142A24F9448400C03635 /* Bundle & Decodable.swift in Sources */ = {isa = PBXBuildFile; fileRef = C23B142924F9448400C03635 /* Bundle & Decodable.swift */; };
		C2589CCB24F2B4BE00ED3A5C /* SignUpViewController.swift in Sources */ = {isa = PBXBuildFile; fileRef = C2589CCA24F2B4BE00ED3A5C /* SignUpViewController.swift */; };
		C263B47824F3EB7E00E22835 /* SetupProfileViewController.swift in Sources */ = {isa = PBXBuildFile; fileRef = C263B47724F3EB7E00E22835 /* SetupProfileViewController.swift */; };
		C263B47A24F3EC2400E22835 /* AddPhotoView.swift in Sources */ = {isa = PBXBuildFile; fileRef = C263B47924F3EC2400E22835 /* AddPhotoView.swift */; };
		C263F25E24FBB3D300D93808 /* SectionHeader.swift in Sources */ = {isa = PBXBuildFile; fileRef = C263F25D24FBB3D300D93808 /* SectionHeader.swift */; };
		C2814D9524FECC8E00B4F9B8 /* users.json in Resources */ = {isa = PBXBuildFile; fileRef = C2814D9424FECC8D00B4F9B8 /* users.json */; };
		C2814D9924FECDD000B4F9B8 /* LetterChat.swift in Sources */ = {isa = PBXBuildFile; fileRef = C2814D9824FECDD000B4F9B8 /* LetterChat.swift */; };
		C2814D9B24FECDF600B4F9B8 /* LetterUser.swift in Sources */ = {isa = PBXBuildFile; fileRef = C2814D9A24FECDF600B4F9B8 /* LetterUser.swift */; };
		C2814D9D24FEDAFF00B4F9B8 /* UserCell.swift in Sources */ = {isa = PBXBuildFile; fileRef = C2814D9C24FEDAFF00B4F9B8 /* UserCell.swift */; };
		C2814D9F24FEDC9100B4F9B8 /* UIViewController + Extension.swift in Sources */ = {isa = PBXBuildFile; fileRef = C2814D9E24FEDC9100B4F9B8 /* UIViewController + Extension.swift */; };
		C29316CE25010C9500AF1B63 /* ProfileViewController.swift in Sources */ = {isa = PBXBuildFile; fileRef = C29316CD25010C9500AF1B63 /* ProfileViewController.swift */; };
		C29316D025011ACB00AF1B63 /* MessageTextField.swift in Sources */ = {isa = PBXBuildFile; fileRef = C29316CF25011ACA00AF1B63 /* MessageTextField.swift */; };
		C29316D22501222000AF1B63 /* UIView + Extension.swift in Sources */ = {isa = PBXBuildFile; fileRef = C29316D12501222000AF1B63 /* UIView + Extension.swift */; };
		C299A11024F2B7D30042A502 /* OneLineTextField.swift in Sources */ = {isa = PBXBuildFile; fileRef = C299A10F24F2B7D30042A502 /* OneLineTextField.swift */; };
		C2A1DC1C24F3FBCE00E697AD /* SegmentedControl + Extension.swift in Sources */ = {isa = PBXBuildFile; fileRef = C2A1DC1B24F3FBCE00E697AD /* SegmentedControl + Extension.swift */; };
		C2A250D324F280BB00231064 /* UIButton + Extension.swift in Sources */ = {isa = PBXBuildFile; fileRef = C2A250D224F280BB00231064 /* UIButton + Extension.swift */; };
		C2A250D524F2843900231064 /* UIFont + Extension.swift in Sources */ = {isa = PBXBuildFile; fileRef = C2A250D424F2843900231064 /* UIFont + Extension.swift */; };
		C2A250D724F285E400231064 /* UIColor + Extension.swift in Sources */ = {isa = PBXBuildFile; fileRef = C2A250D624F285E400231064 /* UIColor + Extension.swift */; };
		C2A250D924F2893400231064 /* UILabel + Extension.swift in Sources */ = {isa = PBXBuildFile; fileRef = C2A250D824F2893400231064 /* UILabel + Extension.swift */; };
		C2A250DB24F28A4E00231064 /* UIImageView + Extension.swift in Sources */ = {isa = PBXBuildFile; fileRef = C2A250DA24F28A4E00231064 /* UIImageView + Extension.swift */; };
		C2CCB1EB24FAB64600965415 /* ActiveChatCell.swift in Sources */ = {isa = PBXBuildFile; fileRef = C2CCB1EA24FAB64600965415 /* ActiveChatCell.swift */; };
		C2CCB1ED24FAB73D00965415 /* SelfConfiguringCell.swift in Sources */ = {isa = PBXBuildFile; fileRef = C2CCB1EC24FAB73D00965415 /* SelfConfiguringCell.swift */; };
		C2CCB1F024FAB78300965415 /* WaitingChatCell.swift in Sources */ = {isa = PBXBuildFile; fileRef = C2CCB1EF24FAB78300965415 /* WaitingChatCell.swift */; };
		C2CCB1F324FAB7B100965415 /* GradientView.swift in Sources */ = {isa = PBXBuildFile; fileRef = C2CCB1F224FAB7B100965415 /* GradientView.swift */; };
		C2E30E1C25025437009710C5 /* GoogleService-Info.plist in Resources */ = {isa = PBXBuildFile; fileRef = C2E30E1B25025437009710C5 /* GoogleService-Info.plist */; };
		C2F151562502615C0088755D /* AuthViewController.swift in Sources */ = {isa = PBXBuildFile; fileRef = C2F151552502615C0088755D /* AuthViewController.swift */; };
/* End PBXBuildFile section */

/* Begin PBXFileReference section */
		63D691F9B1D6F3E01EF81638 /* Pods_iLetter.framework */ = {isa = PBXFileReference; explicitFileType = wrapper.framework; includeInIndex = 0; path = Pods_iLetter.framework; sourceTree = BUILT_PRODUCTS_DIR; };
		C20B827224F2945100D5967B /* ButtonFormView.swift */ = {isa = PBXFileReference; lastKnownFileType = sourcecode.swift; path = ButtonFormView.swift; sourceTree = "<group>"; };
		C20B827424F29C2000D5967B /* UIStackView + Extension.swift */ = {isa = PBXFileReference; lastKnownFileType = sourcecode.swift; path = "UIStackView + Extension.swift"; sourceTree = "<group>"; };
		C215324225029D01005DE306 /* AuthNavigatingDelegate.swift */ = {isa = PBXFileReference; lastKnownFileType = sourcecode.swift; path = AuthNavigatingDelegate.swift; sourceTree = "<group>"; };
		C21535D324F4290000B3A262 /* ListViewController.swift */ = {isa = PBXFileReference; lastKnownFileType = sourcecode.swift; path = ListViewController.swift; sourceTree = "<group>"; };
		C21535D524F4290B00B3A262 /* PeopleViewController.swift */ = {isa = PBXFileReference; lastKnownFileType = sourcecode.swift; path = PeopleViewController.swift; sourceTree = "<group>"; };
		C21535D724F4291800B3A262 /* MainTabBarController.swift */ = {isa = PBXFileReference; lastKnownFileType = sourcecode.swift; path = MainTabBarController.swift; sourceTree = "<group>"; };
		C223982C250645D200AC6D22 /* iLetter.entitlements */ = {isa = PBXFileReference; lastKnownFileType = text.plist.entitlements; path = iLetter.entitlements; sourceTree = "<group>"; };
		C22AFECA24F2F1F500D30CC3 /* LoginViewController.swift */ = {isa = PBXFileReference; lastKnownFileType = sourcecode.swift; path = LoginViewController.swift; sourceTree = "<group>"; };
		C22CA3962502745700D890A8 /* AuthService.swift */ = {isa = PBXFileReference; lastKnownFileType = sourcecode.swift; path = AuthService.swift; sourceTree = "<group>"; };
		C22CA39A2502883B00D890A8 /* Validators.swift */ = {isa = PBXFileReference; lastKnownFileType = sourcecode.swift; path = Validators.swift; sourceTree = "<group>"; };
		C22CA39C2502890900D890A8 /* AuthError.swift */ = {isa = PBXFileReference; lastKnownFileType = sourcecode.swift; path = AuthError.swift; sourceTree = "<group>"; };
		C236ED7624F0392B00FC7C41 /* iLetter.app */ = {isa = PBXFileReference; explicitFileType = wrapper.application; includeInIndex = 0; path = iLetter.app; sourceTree = BUILT_PRODUCTS_DIR; };
		C236ED7924F0392B00FC7C41 /* AppDelegate.swift */ = {isa = PBXFileReference; lastKnownFileType = sourcecode.swift; path = AppDelegate.swift; sourceTree = "<group>"; };
		C236ED7B24F0392B00FC7C41 /* SceneDelegate.swift */ = {isa = PBXFileReference; lastKnownFileType = sourcecode.swift; path = SceneDelegate.swift; sourceTree = "<group>"; };
		C236ED8224F0392C00FC7C41 /* Assets.xcassets */ = {isa = PBXFileReference; lastKnownFileType = folder.assetcatalog; path = Assets.xcassets; sourceTree = "<group>"; };
		C236ED8524F0392C00FC7C41 /* Base */ = {isa = PBXFileReference; lastKnownFileType = file.storyboard; name = Base; path = Base.lproj/LaunchScreen.storyboard; sourceTree = "<group>"; };
		C236ED8724F0392C00FC7C41 /* Info.plist */ = {isa = PBXFileReference; lastKnownFileType = text.plist.xml; path = Info.plist; sourceTree = "<group>"; };
		C2388AB525023AF900952DBC /* ChatRequestViewController.swift */ = {isa = PBXFileReference; lastKnownFileType = sourcecode.swift; path = ChatRequestViewController.swift; sourceTree = "<group>"; };
		C23B142524F9445900C03635 /* activeChats.json */ = {isa = PBXFileReference; fileEncoding = 4; lastKnownFileType = text.json; path = activeChats.json; sourceTree = "<group>"; };
		C23B142724F9446200C03635 /* waitingChats.json */ = {isa = PBXFileReference; fileEncoding = 4; lastKnownFileType = text.json; path = waitingChats.json; sourceTree = "<group>"; };
		C23B142924F9448400C03635 /* Bundle & Decodable.swift */ = {isa = PBXFileReference; lastKnownFileType = sourcecode.swift; path = "Bundle & Decodable.swift"; sourceTree = "<group>"; };
		C2589CCA24F2B4BE00ED3A5C /* SignUpViewController.swift */ = {isa = PBXFileReference; lastKnownFileType = sourcecode.swift; path = SignUpViewController.swift; sourceTree = "<group>"; };
		C263B47724F3EB7E00E22835 /* SetupProfileViewController.swift */ = {isa = PBXFileReference; lastKnownFileType = sourcecode.swift; path = SetupProfileViewController.swift; sourceTree = "<group>"; };
		C263B47924F3EC2400E22835 /* AddPhotoView.swift */ = {isa = PBXFileReference; lastKnownFileType = sourcecode.swift; path = AddPhotoView.swift; sourceTree = "<group>"; };
		C263F25D24FBB3D300D93808 /* SectionHeader.swift */ = {isa = PBXFileReference; lastKnownFileType = sourcecode.swift; path = SectionHeader.swift; sourceTree = "<group>"; };
		C2814D9424FECC8D00B4F9B8 /* users.json */ = {isa = PBXFileReference; fileEncoding = 4; lastKnownFileType = text.json; path = users.json; sourceTree = "<group>"; };
		C2814D9824FECDD000B4F9B8 /* LetterChat.swift */ = {isa = PBXFileReference; lastKnownFileType = sourcecode.swift; path = LetterChat.swift; sourceTree = "<group>"; };
		C2814D9A24FECDF600B4F9B8 /* LetterUser.swift */ = {isa = PBXFileReference; lastKnownFileType = sourcecode.swift; path = LetterUser.swift; sourceTree = "<group>"; };
		C2814D9C24FEDAFF00B4F9B8 /* UserCell.swift */ = {isa = PBXFileReference; lastKnownFileType = sourcecode.swift; path = UserCell.swift; sourceTree = "<group>"; };
		C2814D9E24FEDC9100B4F9B8 /* UIViewController + Extension.swift */ = {isa = PBXFileReference; lastKnownFileType = sourcecode.swift; path = "UIViewController + Extension.swift"; sourceTree = "<group>"; };
		C29316CD25010C9500AF1B63 /* ProfileViewController.swift */ = {isa = PBXFileReference; lastKnownFileType = sourcecode.swift; path = ProfileViewController.swift; sourceTree = "<group>"; };
		C29316CF25011ACA00AF1B63 /* MessageTextField.swift */ = {isa = PBXFileReference; lastKnownFileType = sourcecode.swift; path = MessageTextField.swift; sourceTree = "<group>"; };
		C29316D12501222000AF1B63 /* UIView + Extension.swift */ = {isa = PBXFileReference; fileEncoding = 4; lastKnownFileType = sourcecode.swift; path = "UIView + Extension.swift"; sourceTree = "<group>"; };
		C299A10F24F2B7D30042A502 /* OneLineTextField.swift */ = {isa = PBXFileReference; lastKnownFileType = sourcecode.swift; path = OneLineTextField.swift; sourceTree = "<group>"; };
		C2A1DC1B24F3FBCE00E697AD /* SegmentedControl + Extension.swift */ = {isa = PBXFileReference; lastKnownFileType = sourcecode.swift; path = "SegmentedControl + Extension.swift"; sourceTree = "<group>"; };
		C2A250D224F280BB00231064 /* UIButton + Extension.swift */ = {isa = PBXFileReference; lastKnownFileType = sourcecode.swift; path = "UIButton + Extension.swift"; sourceTree = "<group>"; };
		C2A250D424F2843900231064 /* UIFont + Extension.swift */ = {isa = PBXFileReference; lastKnownFileType = sourcecode.swift; path = "UIFont + Extension.swift"; sourceTree = "<group>"; };
		C2A250D624F285E400231064 /* UIColor + Extension.swift */ = {isa = PBXFileReference; lastKnownFileType = sourcecode.swift; path = "UIColor + Extension.swift"; sourceTree = "<group>"; };
		C2A250D824F2893400231064 /* UILabel + Extension.swift */ = {isa = PBXFileReference; lastKnownFileType = sourcecode.swift; path = "UILabel + Extension.swift"; sourceTree = "<group>"; };
		C2A250DA24F28A4E00231064 /* UIImageView + Extension.swift */ = {isa = PBXFileReference; lastKnownFileType = sourcecode.swift; path = "UIImageView + Extension.swift"; sourceTree = "<group>"; };
		C2CCB1EA24FAB64600965415 /* ActiveChatCell.swift */ = {isa = PBXFileReference; lastKnownFileType = sourcecode.swift; path = ActiveChatCell.swift; sourceTree = "<group>"; };
		C2CCB1EC24FAB73D00965415 /* SelfConfiguringCell.swift */ = {isa = PBXFileReference; lastKnownFileType = sourcecode.swift; path = SelfConfiguringCell.swift; sourceTree = "<group>"; };
		C2CCB1EF24FAB78300965415 /* WaitingChatCell.swift */ = {isa = PBXFileReference; lastKnownFileType = sourcecode.swift; path = WaitingChatCell.swift; sourceTree = "<group>"; };
		C2CCB1F224FAB7B100965415 /* GradientView.swift */ = {isa = PBXFileReference; lastKnownFileType = sourcecode.swift; path = GradientView.swift; sourceTree = "<group>"; };
		C2E30E1B25025437009710C5 /* GoogleService-Info.plist */ = {isa = PBXFileReference; fileEncoding = 4; lastKnownFileType = text.plist.xml; path = "GoogleService-Info.plist"; sourceTree = "<group>"; };
		C2F151552502615C0088755D /* AuthViewController.swift */ = {isa = PBXFileReference; lastKnownFileType = sourcecode.swift; path = AuthViewController.swift; sourceTree = "<group>"; };
		C635A424D71761837DDBAACF /* Pods-iLetter.debug.xcconfig */ = {isa = PBXFileReference; includeInIndex = 1; lastKnownFileType = text.xcconfig; name = "Pods-iLetter.debug.xcconfig"; path = "Pods/Target Support Files/Pods-iLetter/Pods-iLetter.debug.xcconfig"; sourceTree = "<group>"; };
		FB91664BD68FBE9DE2455A02 /* Pods-iLetter.release.xcconfig */ = {isa = PBXFileReference; includeInIndex = 1; lastKnownFileType = text.xcconfig; name = "Pods-iLetter.release.xcconfig"; path = "Pods/Target Support Files/Pods-iLetter/Pods-iLetter.release.xcconfig"; sourceTree = "<group>"; };
/* End PBXFileReference section */

/* Begin PBXFrameworksBuildPhase section */
		C236ED7324F0392B00FC7C41 /* Frameworks */ = {
			isa = PBXFrameworksBuildPhase;
			buildActionMask = 2147483647;
			files = (
				2BF9BBA8A329E9B501A94826 /* Pods_iLetter.framework in Frameworks */,
			);
			runOnlyForDeploymentPostprocessing = 0;
		};
/* End PBXFrameworksBuildPhase section */

/* Begin PBXGroup section */
		44FD01E49684D08732EBD9DE /* Pods */ = {
			isa = PBXGroup;
			children = (
				C635A424D71761837DDBAACF /* Pods-iLetter.debug.xcconfig */,
				FB91664BD68FBE9DE2455A02 /* Pods-iLetter.release.xcconfig */,
			);
			name = Pods;
			sourceTree = "<group>";
		};
		C21535D224F428AD00B3A262 /* Sign in & Auth */ = {
			isa = PBXGroup;
			children = (
				C2F151552502615C0088755D /* AuthViewController.swift */,
				C2589CCA24F2B4BE00ED3A5C /* SignUpViewController.swift */,
				C22AFECA24F2F1F500D30CC3 /* LoginViewController.swift */,
				C263B47724F3EB7E00E22835 /* SetupProfileViewController.swift */,
			);
			path = "Sign in & Auth";
			sourceTree = "<group>";
		};
		C21535D924F42E2C00B3A262 /* Controllers */ = {
			isa = PBXGroup;
			children = (
				C21535D724F4291800B3A262 /* MainTabBarController.swift */,
				C21535D524F4290B00B3A262 /* PeopleViewController.swift */,
				C21535D324F4290000B3A262 /* ListViewController.swift */,
				C29316CD25010C9500AF1B63 /* ProfileViewController.swift */,
				C2388AB525023AF900952DBC /* ChatRequestViewController.swift */,
				C2814D9624FECDA800B4F9B8 /* Headers */,
				C2CCB1F124FAB78A00965415 /* Cells */,
			);
			path = Controllers;
			sourceTree = "<group>";
		};
		C22CA3982502746500D890A8 /* Services */ = {
			isa = PBXGroup;
			children = (
				C2814D9724FECDB900B4F9B8 /* Models */,
				C22CA3962502745700D890A8 /* AuthService.swift */,
			);
			path = Services;
			sourceTree = "<group>";
		};
		C22CA3992502880F00D890A8 /* Helpers */ = {
			isa = PBXGroup;
			children = (
				C22CA39A2502883B00D890A8 /* Validators.swift */,
				C22CA39C2502890900D890A8 /* AuthError.swift */,
			);
			path = Helpers;
			sourceTree = "<group>";
		};
		C236ED6D24F0392B00FC7C41 = {
			isa = PBXGroup;
			children = (
				C236ED7824F0392B00FC7C41 /* iLetter */,
				C236ED7724F0392B00FC7C41 /* Products */,
				44FD01E49684D08732EBD9DE /* Pods */,
				F3E55DB7769EBDE0FDD9BDEF /* Frameworks */,
			);
			sourceTree = "<group>";
		};
		C236ED7724F0392B00FC7C41 /* Products */ = {
			isa = PBXGroup;
			children = (
				C236ED7624F0392B00FC7C41 /* iLetter.app */,
			);
			name = Products;
			sourceTree = "<group>";
		};
		C236ED7824F0392B00FC7C41 /* iLetter */ = {
			isa = PBXGroup;
			children = (
				C223982C250645D200AC6D22 /* iLetter.entitlements */,
				C236ED7924F0392B00FC7C41 /* AppDelegate.swift */,
				C236ED7B24F0392B00FC7C41 /* SceneDelegate.swift */,
				C236ED8424F0392C00FC7C41 /* LaunchScreen.storyboard */,
				C22CA3982502746500D890A8 /* Services */,
				C21535D224F428AD00B3A262 /* Sign in & Auth */,
				C21535D924F42E2C00B3A262 /* Controllers */,
				C22CA3992502880F00D890A8 /* Helpers */,
				C2CCB1EE24FAB74D00965415 /* Protocol */,
				C2A250DE24F28C7800231064 /* Extensions */,
				C2A250DD24F28C3100231064 /* Supporting files */,
			);
			path = iLetter;
			sourceTree = "<group>";
		};
		C2814D9624FECDA800B4F9B8 /* Headers */ = {
			isa = PBXGroup;
			children = (
				C263F25D24FBB3D300D93808 /* SectionHeader.swift */,
			);
			path = Headers;
			sourceTree = "<group>";
		};
		C2814D9724FECDB900B4F9B8 /* Models */ = {
			isa = PBXGroup;
			children = (
				C2814D9824FECDD000B4F9B8 /* LetterChat.swift */,
				C2814D9A24FECDF600B4F9B8 /* LetterUser.swift */,
			);
			path = Models;
			sourceTree = "<group>";
		};
		C2A250DC24F28BC600231064 /* UIKit */ = {
			isa = PBXGroup;
			children = (
				C2A250D224F280BB00231064 /* UIButton + Extension.swift */,
				C29316D12501222000AF1B63 /* UIView + Extension.swift */,
				C2814D9E24FEDC9100B4F9B8 /* UIViewController + Extension.swift */,
				C2A250DA24F28A4E00231064 /* UIImageView + Extension.swift */,
				C2A250D824F2893400231064 /* UILabel + Extension.swift */,
				C2A250D424F2843900231064 /* UIFont + Extension.swift */,
				C2A250D624F285E400231064 /* UIColor + Extension.swift */,
				C20B827424F29C2000D5967B /* UIStackView + Extension.swift */,
				C2A1DC1B24F3FBCE00E697AD /* SegmentedControl + Extension.swift */,
				C23B142524F9445900C03635 /* activeChats.json */,
				C23B142724F9446200C03635 /* waitingChats.json */,
				C2814D9424FECC8D00B4F9B8 /* users.json */,
			);
			path = UIKit;
			sourceTree = "<group>";
		};
		C2A250DD24F28C3100231064 /* Supporting files */ = {
			isa = PBXGroup;
			children = (
				C236ED8224F0392C00FC7C41 /* Assets.xcassets */,
				C236ED8724F0392C00FC7C41 /* Info.plist */,
				C2E30E1B25025437009710C5 /* GoogleService-Info.plist */,
			);
			path = "Supporting files";
			sourceTree = "<group>";
		};
		C2A250DE24F28C7800231064 /* Extensions */ = {
			isa = PBXGroup;
			children = (
				C263B47924F3EC2400E22835 /* AddPhotoView.swift */,
				C29316CF25011ACA00AF1B63 /* MessageTextField.swift */,
				C20B827224F2945100D5967B /* ButtonFormView.swift */,
				C299A10F24F2B7D30042A502 /* OneLineTextField.swift */,
				C23B142924F9448400C03635 /* Bundle & Decodable.swift */,
				C2CCB1F224FAB7B100965415 /* GradientView.swift */,
				C2A250DC24F28BC600231064 /* UIKit */,
			);
			path = Extensions;
			sourceTree = "<group>";
		};
		C2CCB1EE24FAB74D00965415 /* Protocol */ = {
			isa = PBXGroup;
			children = (
				C2CCB1EC24FAB73D00965415 /* SelfConfiguringCell.swift */,
				C215324225029D01005DE306 /* AuthNavigatingDelegate.swift */,
			);
			path = Protocol;
			sourceTree = "<group>";
		};
		C2CCB1F124FAB78A00965415 /* Cells */ = {
			isa = PBXGroup;
			children = (
				C2CCB1EA24FAB64600965415 /* ActiveChatCell.swift */,
				C2CCB1EF24FAB78300965415 /* WaitingChatCell.swift */,
				C2814D9C24FEDAFF00B4F9B8 /* UserCell.swift */,
			);
			path = Cells;
			sourceTree = "<group>";
		};
		F3E55DB7769EBDE0FDD9BDEF /* Frameworks */ = {
			isa = PBXGroup;
			children = (
				63D691F9B1D6F3E01EF81638 /* Pods_iLetter.framework */,
			);
			name = Frameworks;
			sourceTree = "<group>";
		};
/* End PBXGroup section */

/* Begin PBXNativeTarget section */
		C236ED7524F0392B00FC7C41 /* iLetter */ = {
			isa = PBXNativeTarget;
			buildConfigurationList = C236ED8A24F0392C00FC7C41 /* Build configuration list for PBXNativeTarget "iLetter" */;
			buildPhases = (
				87CF8894307368D1BE7AE33F /* [CP] Check Pods Manifest.lock */,
				C236ED7224F0392B00FC7C41 /* Sources */,
				C236ED7324F0392B00FC7C41 /* Frameworks */,
				C236ED7424F0392B00FC7C41 /* Resources */,
				BF8C3A2C9E1DACF560BACB45 /* [CP] Embed Pods Frameworks */,
				75C2855C106FEBA4902629F5 /* [CP] Copy Pods Resources */,
			);
			buildRules = (
			);
			dependencies = (
			);
			name = iLetter;
			productName = iLetter;
			productReference = C236ED7624F0392B00FC7C41 /* iLetter.app */;
			productType = "com.apple.product-type.application";
		};
/* End PBXNativeTarget section */

/* Begin PBXProject section */
		C236ED6E24F0392B00FC7C41 /* Project object */ = {
			isa = PBXProject;
			attributes = {
				LastSwiftUpdateCheck = 1130;
				LastUpgradeCheck = 1130;
				ORGANIZATIONNAME = "Дарья";
				TargetAttributes = {
					C236ED7524F0392B00FC7C41 = {
						CreatedOnToolsVersion = 11.3.1;
					};
				};
			};
			buildConfigurationList = C236ED7124F0392B00FC7C41 /* Build configuration list for PBXProject "iLetter" */;
			compatibilityVersion = "Xcode 9.3";
			developmentRegion = en;
			hasScannedForEncodings = 0;
			knownRegions = (
				en,
				Base,
			);
			mainGroup = C236ED6D24F0392B00FC7C41;
			productRefGroup = C236ED7724F0392B00FC7C41 /* Products */;
			projectDirPath = "";
			projectRoot = "";
			targets = (
				C236ED7524F0392B00FC7C41 /* iLetter */,
			);
		};
/* End PBXProject section */

/* Begin PBXResourcesBuildPhase section */
		C236ED7424F0392B00FC7C41 /* Resources */ = {
			isa = PBXResourcesBuildPhase;
			buildActionMask = 2147483647;
			files = (
				C2E30E1C25025437009710C5 /* GoogleService-Info.plist in Resources */,
				C2814D9524FECC8E00B4F9B8 /* users.json in Resources */,
				C236ED8624F0392C00FC7C41 /* LaunchScreen.storyboard in Resources */,
				C23B142624F9445900C03635 /* activeChats.json in Resources */,
				C236ED8324F0392C00FC7C41 /* Assets.xcassets in Resources */,
				C23B142824F9446200C03635 /* waitingChats.json in Resources */,
			);
			runOnlyForDeploymentPostprocessing = 0;
		};
/* End PBXResourcesBuildPhase section */

/* Begin PBXShellScriptBuildPhase section */
		75C2855C106FEBA4902629F5 /* [CP] Copy Pods Resources */ = {
			isa = PBXShellScriptBuildPhase;
			buildActionMask = 2147483647;
			files = (
			);
			inputPaths = (
				"${SRCROOT}/Pods/Target Support Files/Pods-iLetter/Pods-iLetter-resources.sh",
				"${PODS_ROOT}/GoogleSignIn/Resources/GoogleSignIn.bundle",
			);
			name = "[CP] Copy Pods Resources";
			outputPaths = (
				"${TARGET_BUILD_DIR}/${UNLOCALIZED_RESOURCES_FOLDER_PATH}/GoogleSignIn.bundle",
			);
			runOnlyForDeploymentPostprocessing = 0;
			shellPath = /bin/sh;
			shellScript = "\"${SRCROOT}/Pods/Target Support Files/Pods-iLetter/Pods-iLetter-resources.sh\"\n";
			showEnvVarsInLog = 0;
		};
		87CF8894307368D1BE7AE33F /* [CP] Check Pods Manifest.lock */ = {
			isa = PBXShellScriptBuildPhase;
			buildActionMask = 2147483647;
			files = (
			);
			inputPaths = (
				"${PODS_PODFILE_DIR_PATH}/Podfile.lock",
				"${PODS_ROOT}/Manifest.lock",
			);
			name = "[CP] Check Pods Manifest.lock";
			outputPaths = (
				"$(DERIVED_FILE_DIR)/Pods-iLetter-checkManifestLockResult.txt",
			);
			runOnlyForDeploymentPostprocessing = 0;
			shellPath = /bin/sh;
			shellScript = "diff \"${PODS_PODFILE_DIR_PATH}/Podfile.lock\" \"${PODS_ROOT}/Manifest.lock\" > /dev/null\nif [ $? != 0 ] ; then\n    # print error to STDERR\n    echo \"error: The sandbox is not in sync with the Podfile.lock. Run 'pod install' or update your CocoaPods installation.\" >&2\n    exit 1\nfi\n# This output is used by Xcode 'outputs' to avoid re-running this script phase.\necho \"SUCCESS\" > \"${SCRIPT_OUTPUT_FILE_0}\"\n";
			showEnvVarsInLog = 0;
		};
		BF8C3A2C9E1DACF560BACB45 /* [CP] Embed Pods Frameworks */ = {
			isa = PBXShellScriptBuildPhase;
			buildActionMask = 2147483647;
			files = (
			);
			inputPaths = (
				"${SRCROOT}/Pods/Target Support Files/Pods-iLetter/Pods-iLetter-frameworks.sh",
				"${BUILT_PRODUCTS_DIR}/AppAuth/AppAuth.framework",
				"${BUILT_PRODUCTS_DIR}/FBSDKCoreKit/FBSDKCoreKit.framework",
				"${BUILT_PRODUCTS_DIR}/FBSDKLoginKit/FBSDKLoginKit.framework",
				"${BUILT_PRODUCTS_DIR}/GTMAppAuth/GTMAppAuth.framework",
				"${BUILT_PRODUCTS_DIR}/GTMSessionFetcher/GTMSessionFetcher.framework",
				"${BUILT_PRODUCTS_DIR}/GoogleUtilities/GoogleUtilities.framework",
				"${BUILT_PRODUCTS_DIR}/PromisesObjC/FBLPromises.framework",
				"${BUILT_PRODUCTS_DIR}/nanopb/nanopb.framework",
			);
			name = "[CP] Embed Pods Frameworks";
			outputPaths = (
				"${TARGET_BUILD_DIR}/${FRAMEWORKS_FOLDER_PATH}/AppAuth.framework",
				"${TARGET_BUILD_DIR}/${FRAMEWORKS_FOLDER_PATH}/FBSDKCoreKit.framework",
				"${TARGET_BUILD_DIR}/${FRAMEWORKS_FOLDER_PATH}/FBSDKLoginKit.framework",
				"${TARGET_BUILD_DIR}/${FRAMEWORKS_FOLDER_PATH}/GTMAppAuth.framework",
				"${TARGET_BUILD_DIR}/${FRAMEWORKS_FOLDER_PATH}/GTMSessionFetcher.framework",
				"${TARGET_BUILD_DIR}/${FRAMEWORKS_FOLDER_PATH}/GoogleUtilities.framework",
				"${TARGET_BUILD_DIR}/${FRAMEWORKS_FOLDER_PATH}/FBLPromises.framework",
				"${TARGET_BUILD_DIR}/${FRAMEWORKS_FOLDER_PATH}/nanopb.framework",
			);
			runOnlyForDeploymentPostprocessing = 0;
			shellPath = /bin/sh;
			shellScript = "\"${SRCROOT}/Pods/Target Support Files/Pods-iLetter/Pods-iLetter-frameworks.sh\"\n";
			showEnvVarsInLog = 0;
		};
/* End PBXShellScriptBuildPhase section */

/* Begin PBXSourcesBuildPhase section */
		C236ED7224F0392B00FC7C41 /* Sources */ = {
			isa = PBXSourcesBuildPhase;
			buildActionMask = 2147483647;
			files = (
				C21535D424F4290000B3A262 /* ListViewController.swift in Sources */,
				C299A11024F2B7D30042A502 /* OneLineTextField.swift in Sources */,
				C263F25E24FBB3D300D93808 /* SectionHeader.swift in Sources */,
				C2589CCB24F2B4BE00ED3A5C /* SignUpViewController.swift in Sources */,
				C2CCB1ED24FAB73D00965415 /* SelfConfiguringCell.swift in Sources */,
				C2CCB1EB24FAB64600965415 /* ActiveChatCell.swift in Sources */,
				C22CA39D2502890900D890A8 /* AuthError.swift in Sources */,
				C236ED7A24F0392B00FC7C41 /* AppDelegate.swift in Sources */,
				C21535D624F4290C00B3A262 /* PeopleViewController.swift in Sources */,
				C263B47824F3EB7E00E22835 /* SetupProfileViewController.swift in Sources */,
				C29316D025011ACB00AF1B63 /* MessageTextField.swift in Sources */,
				C236ED7C24F0392B00FC7C41 /* SceneDelegate.swift in Sources */,
				C21535D824F4291800B3A262 /* MainTabBarController.swift in Sources */,
				C29316CE25010C9500AF1B63 /* ProfileViewController.swift in Sources */,
				C20B827524F29C2000D5967B /* UIStackView + Extension.swift in Sources */,
				C2388AB625023AF900952DBC /* ChatRequestViewController.swift in Sources */,
				C20B827324F2945100D5967B /* ButtonFormView.swift in Sources */,
				C2A250D924F2893400231064 /* UILabel + Extension.swift in Sources */,
				C215324325029D01005DE306 /* AuthNavigatingDelegate.swift in Sources */,
				C2814D9924FECDD000B4F9B8 /* LetterChat.swift in Sources */,
				C2CCB1F324FAB7B100965415 /* GradientView.swift in Sources */,
				C2A250DB24F28A4E00231064 /* UIImageView + Extension.swift in Sources */,
				C29316D22501222000AF1B63 /* UIView + Extension.swift in Sources */,
				C23B142A24F9448400C03635 /* Bundle & Decodable.swift in Sources */,
				C2F151562502615C0088755D /* AuthViewController.swift in Sources */,
				C22CA39B2502883B00D890A8 /* Validators.swift in Sources */,
				C2A1DC1C24F3FBCE00E697AD /* SegmentedControl + Extension.swift in Sources */,
				C2814D9D24FEDAFF00B4F9B8 /* UserCell.swift in Sources */,
				C2814D9F24FEDC9100B4F9B8 /* UIViewController + Extension.swift in Sources */,
				C2CCB1F024FAB78300965415 /* WaitingChatCell.swift in Sources */,
				C2A250D724F285E400231064 /* UIColor + Extension.swift in Sources */,
				C2814D9B24FECDF600B4F9B8 /* LetterUser.swift in Sources */,
				C2A250D524F2843900231064 /* UIFont + Extension.swift in Sources */,
				C263B47A24F3EC2400E22835 /* AddPhotoView.swift in Sources */,
				C22CA3972502745700D890A8 /* AuthService.swift in Sources */,
				C22AFECB24F2F1F500D30CC3 /* LoginViewController.swift in Sources */,
				C2A250D324F280BB00231064 /* UIButton + Extension.swift in Sources */,
			);
			runOnlyForDeploymentPostprocessing = 0;
		};
/* End PBXSourcesBuildPhase section */

/* Begin PBXVariantGroup section */
		C236ED8424F0392C00FC7C41 /* LaunchScreen.storyboard */ = {
			isa = PBXVariantGroup;
			children = (
				C236ED8524F0392C00FC7C41 /* Base */,
			);
			name = LaunchScreen.storyboard;
			sourceTree = "<group>";
		};
/* End PBXVariantGroup section */

/* Begin XCBuildConfiguration section */
		C236ED8824F0392C00FC7C41 /* Debug */ = {
			isa = XCBuildConfiguration;
			buildSettings = {
				ALWAYS_SEARCH_USER_PATHS = NO;
				CLANG_ANALYZER_NONNULL = YES;
				CLANG_ANALYZER_NUMBER_OBJECT_CONVERSION = YES_AGGRESSIVE;
				CLANG_CXX_LANGUAGE_STANDARD = "gnu++14";
				CLANG_CXX_LIBRARY = "libc++";
				CLANG_ENABLE_MODULES = YES;
				CLANG_ENABLE_OBJC_ARC = YES;
				CLANG_ENABLE_OBJC_WEAK = YES;
				CLANG_WARN_BLOCK_CAPTURE_AUTORELEASING = YES;
				CLANG_WARN_BOOL_CONVERSION = YES;
				CLANG_WARN_COMMA = YES;
				CLANG_WARN_CONSTANT_CONVERSION = YES;
				CLANG_WARN_DEPRECATED_OBJC_IMPLEMENTATIONS = YES;
				CLANG_WARN_DIRECT_OBJC_ISA_USAGE = YES_ERROR;
				CLANG_WARN_DOCUMENTATION_COMMENTS = YES;
				CLANG_WARN_EMPTY_BODY = YES;
				CLANG_WARN_ENUM_CONVERSION = YES;
				CLANG_WARN_INFINITE_RECURSION = YES;
				CLANG_WARN_INT_CONVERSION = YES;
				CLANG_WARN_NON_LITERAL_NULL_CONVERSION = YES;
				CLANG_WARN_OBJC_IMPLICIT_RETAIN_SELF = YES;
				CLANG_WARN_OBJC_LITERAL_CONVERSION = YES;
				CLANG_WARN_OBJC_ROOT_CLASS = YES_ERROR;
				CLANG_WARN_RANGE_LOOP_ANALYSIS = YES;
				CLANG_WARN_STRICT_PROTOTYPES = YES;
				CLANG_WARN_SUSPICIOUS_MOVE = YES;
				CLANG_WARN_UNGUARDED_AVAILABILITY = YES_AGGRESSIVE;
				CLANG_WARN_UNREACHABLE_CODE = YES;
				CLANG_WARN__DUPLICATE_METHOD_MATCH = YES;
				COPY_PHASE_STRIP = NO;
				DEBUG_INFORMATION_FORMAT = dwarf;
				ENABLE_STRICT_OBJC_MSGSEND = YES;
				ENABLE_TESTABILITY = YES;
				GCC_C_LANGUAGE_STANDARD = gnu11;
				GCC_DYNAMIC_NO_PIC = NO;
				GCC_NO_COMMON_BLOCKS = YES;
				GCC_OPTIMIZATION_LEVEL = 0;
				GCC_PREPROCESSOR_DEFINITIONS = (
					"DEBUG=1",
					"$(inherited)",
				);
				GCC_WARN_64_TO_32_BIT_CONVERSION = YES;
				GCC_WARN_ABOUT_RETURN_TYPE = YES_ERROR;
				GCC_WARN_UNDECLARED_SELECTOR = YES;
				GCC_WARN_UNINITIALIZED_AUTOS = YES_AGGRESSIVE;
				GCC_WARN_UNUSED_FUNCTION = YES;
				GCC_WARN_UNUSED_VARIABLE = YES;
				IPHONEOS_DEPLOYMENT_TARGET = 13.2;
				MTL_ENABLE_DEBUG_INFO = INCLUDE_SOURCE;
				MTL_FAST_MATH = YES;
				ONLY_ACTIVE_ARCH = YES;
				SDKROOT = iphoneos;
				SWIFT_ACTIVE_COMPILATION_CONDITIONS = DEBUG;
				SWIFT_OPTIMIZATION_LEVEL = "-Onone";
			};
			name = Debug;
		};
		C236ED8924F0392C00FC7C41 /* Release */ = {
			isa = XCBuildConfiguration;
			buildSettings = {
				ALWAYS_SEARCH_USER_PATHS = NO;
				CLANG_ANALYZER_NONNULL = YES;
				CLANG_ANALYZER_NUMBER_OBJECT_CONVERSION = YES_AGGRESSIVE;
				CLANG_CXX_LANGUAGE_STANDARD = "gnu++14";
				CLANG_CXX_LIBRARY = "libc++";
				CLANG_ENABLE_MODULES = YES;
				CLANG_ENABLE_OBJC_ARC = YES;
				CLANG_ENABLE_OBJC_WEAK = YES;
				CLANG_WARN_BLOCK_CAPTURE_AUTORELEASING = YES;
				CLANG_WARN_BOOL_CONVERSION = YES;
				CLANG_WARN_COMMA = YES;
				CLANG_WARN_CONSTANT_CONVERSION = YES;
				CLANG_WARN_DEPRECATED_OBJC_IMPLEMENTATIONS = YES;
				CLANG_WARN_DIRECT_OBJC_ISA_USAGE = YES_ERROR;
				CLANG_WARN_DOCUMENTATION_COMMENTS = YES;
				CLANG_WARN_EMPTY_BODY = YES;
				CLANG_WARN_ENUM_CONVERSION = YES;
				CLANG_WARN_INFINITE_RECURSION = YES;
				CLANG_WARN_INT_CONVERSION = YES;
				CLANG_WARN_NON_LITERAL_NULL_CONVERSION = YES;
				CLANG_WARN_OBJC_IMPLICIT_RETAIN_SELF = YES;
				CLANG_WARN_OBJC_LITERAL_CONVERSION = YES;
				CLANG_WARN_OBJC_ROOT_CLASS = YES_ERROR;
				CLANG_WARN_RANGE_LOOP_ANALYSIS = YES;
				CLANG_WARN_STRICT_PROTOTYPES = YES;
				CLANG_WARN_SUSPICIOUS_MOVE = YES;
				CLANG_WARN_UNGUARDED_AVAILABILITY = YES_AGGRESSIVE;
				CLANG_WARN_UNREACHABLE_CODE = YES;
				CLANG_WARN__DUPLICATE_METHOD_MATCH = YES;
				COPY_PHASE_STRIP = NO;
				DEBUG_INFORMATION_FORMAT = "dwarf-with-dsym";
				ENABLE_NS_ASSERTIONS = NO;
				ENABLE_STRICT_OBJC_MSGSEND = YES;
				GCC_C_LANGUAGE_STANDARD = gnu11;
				GCC_NO_COMMON_BLOCKS = YES;
				GCC_WARN_64_TO_32_BIT_CONVERSION = YES;
				GCC_WARN_ABOUT_RETURN_TYPE = YES_ERROR;
				GCC_WARN_UNDECLARED_SELECTOR = YES;
				GCC_WARN_UNINITIALIZED_AUTOS = YES_AGGRESSIVE;
				GCC_WARN_UNUSED_FUNCTION = YES;
				GCC_WARN_UNUSED_VARIABLE = YES;
				IPHONEOS_DEPLOYMENT_TARGET = 13.2;
				MTL_ENABLE_DEBUG_INFO = NO;
				MTL_FAST_MATH = YES;
				SDKROOT = iphoneos;
				SWIFT_COMPILATION_MODE = wholemodule;
				SWIFT_OPTIMIZATION_LEVEL = "-O";
				VALIDATE_PRODUCT = YES;
			};
			name = Release;
		};
		C236ED8B24F0392C00FC7C41 /* Debug */ = {
			isa = XCBuildConfiguration;
			baseConfigurationReference = C635A424D71761837DDBAACF /* Pods-iLetter.debug.xcconfig */;
			buildSettings = {
				ASSETCATALOG_COMPILER_APPICON_NAME = AppIcon;
				CODE_SIGN_ENTITLEMENTS = iLetter/iLetter.entitlements;
				CODE_SIGN_STYLE = Automatic;
				DEVELOPMENT_TEAM = R367V6SP7Z;
				INFOPLIST_FILE = "$(SRCROOT)/iLetter/Supporting files/Info.plist";
				LD_RUNPATH_SEARCH_PATHS = (
					"$(inherited)",
					"@executable_path/Frameworks",
				);
				PRODUCT_BUNDLE_IDENTIFIER = novembrz.iLetter;
				PRODUCT_NAME = "$(TARGET_NAME)";
				SWIFT_VERSION = 5.0;
				TARGETED_DEVICE_FAMILY = "1,2";
			};
			name = Debug;
		};
		C236ED8C24F0392C00FC7C41 /* Release */ = {
			isa = XCBuildConfiguration;
			baseConfigurationReference = FB91664BD68FBE9DE2455A02 /* Pods-iLetter.release.xcconfig */;
			buildSettings = {
				ASSETCATALOG_COMPILER_APPICON_NAME = AppIcon;
				CODE_SIGN_ENTITLEMENTS = iLetter/iLetter.entitlements;
				CODE_SIGN_STYLE = Automatic;
				DEVELOPMENT_TEAM = R367V6SP7Z;
				INFOPLIST_FILE = "$(SRCROOT)/iLetter/Supporting files/Info.plist";
				LD_RUNPATH_SEARCH_PATHS = (
					"$(inherited)",
					"@executable_path/Frameworks",
				);
				PRODUCT_BUNDLE_IDENTIFIER = novembrz.iLetter;
				PRODUCT_NAME = "$(TARGET_NAME)";
				SWIFT_VERSION = 5.0;
				TARGETED_DEVICE_FAMILY = "1,2";
			};
			name = Release;
		};
/* End XCBuildConfiguration section */

/* Begin XCConfigurationList section */
		C236ED7124F0392B00FC7C41 /* Build configuration list for PBXProject "iLetter" */ = {
			isa = XCConfigurationList;
			buildConfigurations = (
				C236ED8824F0392C00FC7C41 /* Debug */,
				C236ED8924F0392C00FC7C41 /* Release */,
			);
			defaultConfigurationIsVisible = 0;
			defaultConfigurationName = Release;
		};
		C236ED8A24F0392C00FC7C41 /* Build configuration list for PBXNativeTarget "iLetter" */ = {
			isa = XCConfigurationList;
			buildConfigurations = (
				C236ED8B24F0392C00FC7C41 /* Debug */,
				C236ED8C24F0392C00FC7C41 /* Release */,
			);
			defaultConfigurationIsVisible = 0;
			defaultConfigurationName = Release;
		};
/* End XCConfigurationList section */
	};
	rootObject = C236ED6E24F0392B00FC7C41 /* Project object */;
}
